
Microsoft Visual Studio Solution File, Format Version 12.00
# Visual Studio Version 17
VisualStudioVersion = 17.5.002.0
MinimumVisualStudioVersion = 10.0.40219.1
Project("{9A19103F-16F7-4668-BE54-9A1E7A4F7556}") = "server", "server.csproj", "{ACC616EE-F682-48BE-AD08-1E990F817EEF}"
EndProject
Global
	GlobalSection(SolutionConfigurationPlatforms) = preSolution
		Debug|Any CPU = Debug|Any CPU
		Release|Any CPU = Release|Any CPU
	EndGlobalSection
	GlobalSection(ProjectConfigurationPlatforms) = postSolution
		{ACC616EE-F682-48BE-AD08-1E990F817EEF}.Debug|Any CPU.ActiveCfg = Debug|Any CPU
		{ACC616EE-F682-48BE-AD08-1E990F817EEF}.Debug|Any CPU.Build.0 = Debug|Any CPU
		{ACC616EE-F682-48BE-AD08-1E990F817EEF}.Release|Any CPU.ActiveCfg = Release|Any CPU
		{ACC616EE-F682-48BE-AD08-1E990F817EEF}.Release|Any CPU.Build.0 = Release|Any CPU
	EndGlobalSection
	GlobalSection(SolutionProperties) = preSolution
		HideSolutionNode = FALSE
	EndGlobalSection
	GlobalSection(ExtensibilityGlobals) = postSolution
		SolutionGuid = {42AC3D32-4C03-42D1-9604-39EF342E01AA}
	EndGlobalSection
EndGlobal
